
Microsoft Visual Studio Solution File, Format Version 12.00
# Visual Studio Version 17
VisualStudioVersion = 17.0.32112.339
MinimumVisualStudioVersion = 10.0.40219.1
Project("{FAE04EC0-301F-11D3-BF4B-00C04F79EFBC}") = "Lox", "Lox\Lox.csproj", "{176A9D3D-FF60-49D9-BECC-167B33382422}"
EndProject
Global
	GlobalSection(SolutionConfigurationPlatforms) = preSolution
		Debug|Any CPU = Debug|Any CPU
		Release|Any CPU = Release|Any CPU
	EndGlobalSection
	GlobalSection(ProjectConfigurationPlatforms) = postSolution
		{176A9D3D-FF60-49D9-BECC-167B33382422}.Debug|Any CPU.ActiveCfg = Debug|Any CPU
		{176A9D3D-FF60-49D9-BECC-167B33382422}.Debug|Any CPU.Build.0 = Debug|Any CPU
		{176A9D3D-FF60-49D9-BECC-167B33382422}.Release|Any CPU.ActiveCfg = Release|Any CPU
		{176A9D3D-FF60-49D9-BECC-167B33382422}.Release|Any CPU.Build.0 = Release|Any CPU
	EndGlobalSection
	GlobalSection(SolutionProperties) = preSolution
		HideSolutionNode = FALSE
	EndGlobalSection
	GlobalSection(ExtensibilityGlobals) = postSolution
		SolutionGuid = {5B3C1D8C-420E-486C-9179-3532054D0E81}
	EndGlobalSection
EndGlobal
